
Microsoft Visual Studio Solution File, Format Version 12.00
# Visual Studio Version 17
VisualStudioVersion = 17.7.34009.444
MinimumVisualStudioVersion = 10.0.40219.1
Project("{FAE04EC0-301F-11D3-BF4B-00C04F79EFBC}") = "DependencyTraining", "DependencyTraining.csproj", "{35AE371A-AD68-4692-83A3-E2AD843AC633}"
EndProject
Global
	GlobalSection(SolutionConfigurationPlatforms) = preSolution
		Debug|Any CPU = Debug|Any CPU
		Release|Any CPU = Release|Any CPU
	EndGlobalSection
	GlobalSection(ProjectConfigurationPlatforms) = postSolution
		{35AE371A-AD68-4692-83A3-E2AD843AC633}.Debug|Any CPU.ActiveCfg = Debug|Any CPU
		{35AE371A-AD68-4692-83A3-E2AD843AC633}.Debug|Any CPU.Build.0 = Debug|Any CPU
		{35AE371A-AD68-4692-83A3-E2AD843AC633}.Release|Any CPU.ActiveCfg = Release|Any CPU
		{35AE371A-AD68-4692-83A3-E2AD843AC633}.Release|Any CPU.Build.0 = Release|Any CPU
	EndGlobalSection
	GlobalSection(SolutionProperties) = preSolution
		HideSolutionNode = FALSE
	EndGlobalSection
	GlobalSection(ExtensibilityGlobals) = postSolution
		SolutionGuid = {DFA18C41-BFBD-4814-81D4-882C5E90322B}
	EndGlobalSection
EndGlobal
